
Microsoft Visual Studio Solution File, Format Version 12.00
# Visual Studio Version 17
VisualStudioVersion = 17.8.34525.116
MinimumVisualStudioVersion = 10.0.40219.1
Project("{FAE04EC0-301F-11D3-BF4B-00C04F79EFBC}") = "PatientPortal", "PatientPortal\PatientPortal.csproj", "{2D335CF0-AFDA-40B2-A603-CE822B13796D}"
EndProject
Global
	GlobalSection(SolutionConfigurationPlatforms) = preSolution
		Debug|Any CPU = Debug|Any CPU
		Release|Any CPU = Release|Any CPU
	EndGlobalSection
	GlobalSection(ProjectConfigurationPlatforms) = postSolution
		{2D335CF0-AFDA-40B2-A603-CE822B13796D}.Debug|Any CPU.ActiveCfg = Debug|Any CPU
		{2D335CF0-AFDA-40B2-A603-CE822B13796D}.Debug|Any CPU.Build.0 = Debug|Any CPU
		{2D335CF0-AFDA-40B2-A603-CE822B13796D}.Release|Any CPU.ActiveCfg = Release|Any CPU
		{2D335CF0-AFDA-40B2-A603-CE822B13796D}.Release|Any CPU.Build.0 = Release|Any CPU
	EndGlobalSection
	GlobalSection(SolutionProperties) = preSolution
		HideSolutionNode = FALSE
	EndGlobalSection
	GlobalSection(ExtensibilityGlobals) = postSolution
		SolutionGuid = {028F2257-AF79-47C8-AF8E-A6D674AF7D80}
	EndGlobalSection
EndGlobal
